
Microsoft Visual Studio Solution File, Format Version 12.00
# Visual Studio Version 17
VisualStudioVersion = 17.11.35208.52
MinimumVisualStudioVersion = 10.0.40219.1
Project("{FAE04EC0-301F-11D3-BF4B-00C04F79EFBC}") = "Tarea en clase", "Tarea en clase\Tarea en clase.csproj", "{6FD18B2B-6ED2-4B87-B8E6-20720EC34305}"
EndProject
Global
	GlobalSection(SolutionConfigurationPlatforms) = preSolution
		Debug|Any CPU = Debug|Any CPU
		Release|Any CPU = Release|Any CPU
	EndGlobalSection
	GlobalSection(ProjectConfigurationPlatforms) = postSolution
		{6FD18B2B-6ED2-4B87-B8E6-20720EC34305}.Debug|Any CPU.ActiveCfg = Debug|Any CPU
		{6FD18B2B-6ED2-4B87-B8E6-20720EC34305}.Debug|Any CPU.Build.0 = Debug|Any CPU
		{6FD18B2B-6ED2-4B87-B8E6-20720EC34305}.Release|Any CPU.ActiveCfg = Release|Any CPU
		{6FD18B2B-6ED2-4B87-B8E6-20720EC34305}.Release|Any CPU.Build.0 = Release|Any CPU
	EndGlobalSection
	GlobalSection(SolutionProperties) = preSolution
		HideSolutionNode = FALSE
	EndGlobalSection
	GlobalSection(ExtensibilityGlobals) = postSolution
		SolutionGuid = {0D459C6A-2697-4C3D-8CCE-0829ED66574B}
	EndGlobalSection
EndGlobal
